
Microsoft Visual Studio Solution File, Format Version 12.00
# Visual Studio Version 16
VisualStudioVersion = 16.0.29709.97
MinimumVisualStudioVersion = 15.0.26124.0
Project("{9A19103F-16F7-4668-BE54-9A1E7A4F7556}") = "CarePlusAPI", "CarePlusAPI\CarePlusAPI.csproj", "{2F22F962-CAE7-4657-AA19-CDFF1DEC8FE5}"
EndProject
Project("{9A19103F-16F7-4668-BE54-9A1E7A4F7556}") = "CarePlusAPI.Tests", "CarePlusAPI.Tests\CarePlusAPI.Tests.csproj", "{B113B35D-5738-45B2-AD5E-023FDC7BA5AE}"
EndProject
Global
	GlobalSection(SolutionConfigurationPlatforms) = preSolution
		Debug|Any CPU = Debug|Any CPU
		Debug|x64 = Debug|x64
		Debug|x86 = Debug|x86
		Release|Any CPU = Release|Any CPU
		Release|x64 = Release|x64
		Release|x86 = Release|x86
	EndGlobalSection
	GlobalSection(ProjectConfigurationPlatforms) = postSolution
		{2F22F962-CAE7-4657-AA19-CDFF1DEC8FE5}.Debug|Any CPU.ActiveCfg = Debug|Any CPU
		{2F22F962-CAE7-4657-AA19-CDFF1DEC8FE5}.Debug|Any CPU.Build.0 = Debug|Any CPU
		{2F22F962-CAE7-4657-AA19-CDFF1DEC8FE5}.Debug|x64.ActiveCfg = Debug|Any CPU
		{2F22F962-CAE7-4657-AA19-CDFF1DEC8FE5}.Debug|x64.Build.0 = Debug|Any CPU
		{2F22F962-CAE7-4657-AA19-CDFF1DEC8FE5}.Debug|x86.ActiveCfg = Debug|Any CPU
		{2F22F962-CAE7-4657-AA19-CDFF1DEC8FE5}.Debug|x86.Build.0 = Debug|Any CPU
		{2F22F962-CAE7-4657-AA19-CDFF1DEC8FE5}.Release|Any CPU.ActiveCfg = Release|Any CPU
		{2F22F962-CAE7-4657-AA19-CDFF1DEC8FE5}.Release|Any CPU.Build.0 = Release|Any CPU
		{2F22F962-CAE7-4657-AA19-CDFF1DEC8FE5}.Release|x64.ActiveCfg = Release|Any CPU
		{2F22F962-CAE7-4657-AA19-CDFF1DEC8FE5}.Release|x64.Build.0 = Release|Any CPU
		{2F22F962-CAE7-4657-AA19-CDFF1DEC8FE5}.Release|x86.ActiveCfg = Release|Any CPU
		{2F22F962-CAE7-4657-AA19-CDFF1DEC8FE5}.Release|x86.Build.0 = Release|Any CPU
		{B113B35D-5738-45B2-AD5E-023FDC7BA5AE}.Debug|Any CPU.ActiveCfg = Debug|Any CPU
		{B113B35D-5738-45B2-AD5E-023FDC7BA5AE}.Debug|Any CPU.Build.0 = Debug|Any CPU
		{B113B35D-5738-45B2-AD5E-023FDC7BA5AE}.Debug|x64.ActiveCfg = Debug|Any CPU
		{B113B35D-5738-45B2-AD5E-023FDC7BA5AE}.Debug|x64.Build.0 = Debug|Any CPU
		{B113B35D-5738-45B2-AD5E-023FDC7BA5AE}.Debug|x86.ActiveCfg = Debug|Any CPU
		{B113B35D-5738-45B2-AD5E-023FDC7BA5AE}.Debug|x86.Build.0 = Debug|Any CPU
		{B113B35D-5738-45B2-AD5E-023FDC7BA5AE}.Release|Any CPU.ActiveCfg = Release|Any CPU
		{B113B35D-5738-45B2-AD5E-023FDC7BA5AE}.Release|Any CPU.Build.0 = Release|Any CPU
		{B113B35D-5738-45B2-AD5E-023FDC7BA5AE}.Release|x64.ActiveCfg = Release|Any CPU
		{B113B35D-5738-45B2-AD5E-023FDC7BA5AE}.Release|x64.Build.0 = Release|Any CPU
		{B113B35D-5738-45B2-AD5E-023FDC7BA5AE}.Release|x86.ActiveCfg = Release|Any CPU
		{B113B35D-5738-45B2-AD5E-023FDC7BA5AE}.Release|x86.Build.0 = Release|Any CPU
	EndGlobalSection
	GlobalSection(SolutionProperties) = preSolution
		HideSolutionNode = FALSE
	EndGlobalSection
	GlobalSection(ExtensibilityGlobals) = postSolution
		SolutionGuid = {E8A785BD-F67D-487D-8DB9-255580E6FC5E}
	EndGlobalSection
EndGlobal
